
Microsoft Visual Studio Solution File, Format Version 12.00
# Visual Studio 15
VisualStudioVersion = 15.0.26730.16
MinimumVisualStudioVersion = 10.0.40219.1
Project("{9A19103F-16F7-4668-BE54-9A1E7A4F7556}") = "ReformaAgraria", "ReformaAgraria\ReformaAgraria.csproj", "{B4B6D5CD-3B9D-49B6-81BF-DF387FBBD5DB}"
EndProject
Project("{FAE04EC0-301F-11D3-BF4B-00C04F79EFBC}") = "MicrovacWebCore", "MicrovacWebCore\MicrovacWebCore.csproj", "{F18355E6-41B3-45D8-ACE8-73268CBF291E}"
EndProject
Global
	GlobalSection(SolutionConfigurationPlatforms) = preSolution
		Debug|Any CPU = Debug|Any CPU
		Release|Any CPU = Release|Any CPU
	EndGlobalSection
	GlobalSection(ProjectConfigurationPlatforms) = postSolution
		{B4B6D5CD-3B9D-49B6-81BF-DF387FBBD5DB}.Debug|Any CPU.ActiveCfg = Debug|Any CPU
		{B4B6D5CD-3B9D-49B6-81BF-DF387FBBD5DB}.Debug|Any CPU.Build.0 = Debug|Any CPU
		{B4B6D5CD-3B9D-49B6-81BF-DF387FBBD5DB}.Release|Any CPU.ActiveCfg = Release|Any CPU
		{B4B6D5CD-3B9D-49B6-81BF-DF387FBBD5DB}.Release|Any CPU.Build.0 = Release|Any CPU
		{F18355E6-41B3-45D8-ACE8-73268CBF291E}.Debug|Any CPU.ActiveCfg = Debug|Any CPU
		{F18355E6-41B3-45D8-ACE8-73268CBF291E}.Debug|Any CPU.Build.0 = Debug|Any CPU
		{F18355E6-41B3-45D8-ACE8-73268CBF291E}.Release|Any CPU.ActiveCfg = Release|Any CPU
		{F18355E6-41B3-45D8-ACE8-73268CBF291E}.Release|Any CPU.Build.0 = Release|Any CPU
	EndGlobalSection
	GlobalSection(SolutionProperties) = preSolution
		HideSolutionNode = FALSE
	EndGlobalSection
	GlobalSection(ExtensibilityGlobals) = postSolution
		SolutionGuid = {4DBE9199-A8D5-457A-A257-FA58A2336E84}
	EndGlobalSection
EndGlobal
